PODS:
  - Alamofire (5.9.1)
  - GoogleMaps (8.4.0):
    - GoogleMaps/Maps (= 8.4.0)
  - GoogleMaps/Base (8.4.0)
  - GoogleMaps/Maps (8.4.0):
    - GoogleMaps/Base
  - IQKeyboardManagerSwift (7.0.3)
  - SwiftyJSON (5.0.2)

DEPENDENCIES:
  - Alamofire
  - GoogleMaps
  - IQKeyboardManagerSwift
  - SwiftyJSON

SPEC REPOS:
  trunk:
    - Alamofire
    - GoogleMaps
    - IQKeyboardManagerSwift
    - SwiftyJSON

SPEC CHECKSUMS:
  Alamofire: f36a35757af4587d8e4f4bfa223ad10be2422b8c
  GoogleMaps: 8939898920281c649150e0af74aa291c60f2e77d
  IQKeyboardManagerSwift: f9c5dc36cba16ddd2e51fa7d51c34a2e083029b5
  SwiftyJSON: f5b1bf1cd8dd53cd25887ac0eabcfd92301c6a5a

PODFILE CHECKSUM: 48d824bf1c6c2fc32bb7c3dcfa3be3bf1293b4bb

COCOAPODS: 1.15.2
